
Microsoft Visual Studio Solution File, Format Version 12.00
# Visual Studio Version 17
VisualStudioVersion = 17.0.31717.71
MinimumVisualStudioVersion = 10.0.40219.1
Project("{2150E333-8FDC-42A3-9474-1A3956D46DE8}") = "src", "src", "{8AB0528B-42A8-4EEF-AB21-453F14AE40BA}"
EndProject
Project("{FAE04EC0-301F-11D3-BF4B-00C04F79EFBC}") = "StupidComments", "src\StupidComments\StupidComments.csproj", "{46742B1C-8E18-41F3-A41E-AC035AAFE1BE}"
EndProject
Global
	GlobalSection(SolutionProperties) = preSolution
		HideSolutionNode = FALSE
	EndGlobalSection
	GlobalSection(ExtensibilityGlobals) = postSolution
		SolutionGuid = {70C33E26-037F-4802-9E92-99E63C296995}
	EndGlobalSection
	GlobalSection(SolutionConfigurationPlatforms) = preSolution
		Debug|Any CPU = Debug|Any CPU
		Debug|x64 = Debug|x64
		Debug|x86 = Debug|x86
		Release|Any CPU = Release|Any CPU
		Release|x64 = Release|x64
		Release|x86 = Release|x86
	EndGlobalSection
	GlobalSection(ProjectConfigurationPlatforms) = postSolution
		{46742B1C-8E18-41F3-A41E-AC035AAFE1BE}.Debug|Any CPU.ActiveCfg = Debug|Any CPU
		{46742B1C-8E18-41F3-A41E-AC035AAFE1BE}.Debug|Any CPU.Build.0 = Debug|Any CPU
		{46742B1C-8E18-41F3-A41E-AC035AAFE1BE}.Debug|x64.ActiveCfg = Debug|Any CPU
		{46742B1C-8E18-41F3-A41E-AC035AAFE1BE}.Debug|x64.Build.0 = Debug|Any CPU
		{46742B1C-8E18-41F3-A41E-AC035AAFE1BE}.Debug|x86.ActiveCfg = Debug|Any CPU
		{46742B1C-8E18-41F3-A41E-AC035AAFE1BE}.Debug|x86.Build.0 = Debug|Any CPU
		{46742B1C-8E18-41F3-A41E-AC035AAFE1BE}.Release|Any CPU.ActiveCfg = Release|Any CPU
		{46742B1C-8E18-41F3-A41E-AC035AAFE1BE}.Release|Any CPU.Build.0 = Release|Any CPU
		{46742B1C-8E18-41F3-A41E-AC035AAFE1BE}.Release|x64.ActiveCfg = Release|Any CPU
		{46742B1C-8E18-41F3-A41E-AC035AAFE1BE}.Release|x64.Build.0 = Release|Any CPU
		{46742B1C-8E18-41F3-A41E-AC035AAFE1BE}.Release|x86.ActiveCfg = Release|Any CPU
		{46742B1C-8E18-41F3-A41E-AC035AAFE1BE}.Release|x86.Build.0 = Release|Any CPU
	EndGlobalSection
	GlobalSection(NestedProjects) = preSolution
		{46742B1C-8E18-41F3-A41E-AC035AAFE1BE} = {8AB0528B-42A8-4EEF-AB21-453F14AE40BA}
	EndGlobalSection
EndGlobal
